
Microsoft Visual Studio Solution File, Format Version 12.00
# Visual Studio 15
Project("{FAE04EC0-301F-11D3-BF4B-00C04F79EFBC}") = "Assembly-CSharp", "Assembly-CSharp.csproj", "{ADEDB0FA-08E4-8AC8-AC7E-9A597CA47713}"
EndProject
Project("{FAE04EC0-301F-11D3-BF4B-00C04F79EFBC}") = "Assembly-CSharp-Editor-firstpass", "Assembly-CSharp-Editor-firstpass.csproj", "{2B4F7E85-5066-801D-FB00-BEED8727B083}"
EndProject
Global
	GlobalSection(SolutionConfigurationPlatforms) = preSolution
		Debug|Any CPU = Debug|Any CPU
		Release|Any CPU = Release|Any CPU
	EndGlobalSection
	GlobalSection(ProjectConfigurationPlatforms) = postSolution
		{ADEDB0FA-08E4-8AC8-AC7E-9A597CA47713}.Debug|Any CPU.ActiveCfg = Debug|Any CPU
		{ADEDB0FA-08E4-8AC8-AC7E-9A597CA47713}.Debug|Any CPU.Build.0 = Debug|Any CPU
		{ADEDB0FA-08E4-8AC8-AC7E-9A597CA47713}.Release|Any CPU.ActiveCfg = Release|Any CPU
		{ADEDB0FA-08E4-8AC8-AC7E-9A597CA47713}.Release|Any CPU.Build.0 = Release|Any CPU
		{2B4F7E85-5066-801D-FB00-BEED8727B083}.Debug|Any CPU.ActiveCfg = Debug|Any CPU
		{2B4F7E85-5066-801D-FB00-BEED8727B083}.Debug|Any CPU.Build.0 = Debug|Any CPU
		{2B4F7E85-5066-801D-FB00-BEED8727B083}.Release|Any CPU.ActiveCfg = Release|Any CPU
		{2B4F7E85-5066-801D-FB00-BEED8727B083}.Release|Any CPU.Build.0 = Release|Any CPU
	EndGlobalSection
	GlobalSection(SolutionProperties) = preSolution
		HideSolutionNode = FALSE
	EndGlobalSection
EndGlobal
